
Microsoft Visual Studio Solution File, Format Version 12.00
# Visual Studio Version 17
VisualStudioVersion = 17.8.34316.72
MinimumVisualStudioVersion = 10.0.40219.1
Project("{FAE04EC0-301F-11D3-BF4B-00C04F79EFBC}") = "Eczane Envanter ve Reçete Sistemi", "Eczane Envanter ve Reçete Sistemi\Eczane Envanter ve Reçete Sistemi.csproj", "{F868507B-1AFA-4B69-B949-D955BA96095A}"
EndProject
Global
	GlobalSection(SolutionConfigurationPlatforms) = preSolution
		Debug|Any CPU = Debug|Any CPU
		Release|Any CPU = Release|Any CPU
	EndGlobalSection
	GlobalSection(ProjectConfigurationPlatforms) = postSolution
		{F868507B-1AFA-4B69-B949-D955BA96095A}.Debug|Any CPU.ActiveCfg = Debug|Any CPU
		{F868507B-1AFA-4B69-B949-D955BA96095A}.Debug|Any CPU.Build.0 = Debug|Any CPU
		{F868507B-1AFA-4B69-B949-D955BA96095A}.Release|Any CPU.ActiveCfg = Release|Any CPU
		{F868507B-1AFA-4B69-B949-D955BA96095A}.Release|Any CPU.Build.0 = Release|Any CPU
	EndGlobalSection
	GlobalSection(SolutionProperties) = preSolution
		HideSolutionNode = FALSE
	EndGlobalSection
	GlobalSection(ExtensibilityGlobals) = postSolution
		SolutionGuid = {619A3955-DF62-40B0-B93F-1B098D90B6AE}
	EndGlobalSection
EndGlobal
